
Microsoft Visual Studio Solution File, Format Version 12.00
# Visual Studio Version 17
VisualStudioVersion = 17.2.32519.379
MinimumVisualStudioVersion = 10.0.40219.1
Project("{9A19103F-16F7-4668-BE54-9A1E7A4F7556}") = "ricaun.Revit.Templates", "ricaun.Revit.Templates\ricaun.Revit.Templates.csproj", "{FFEA3561-7FF6-487D-A04D-AFCC9C73CD8D}"
EndProject
Project("{9A19103F-16F7-4668-BE54-9A1E7A4F7556}") = "Build", "Build\Build.csproj", "{F96ACA41-7D9F-487A-B030-09AA554E4973}"
EndProject
Project("{2150E333-8FDC-42A3-9474-1A3956D46DE8}") = "Solution", "Solution", "{810D3480-5F9B-411A-BAF9-6B8CD7A83CF9}"
	ProjectSection(SolutionItems) = preProject
		CHANGELOG.md = CHANGELOG.md
		Directory.Build.props = Directory.Build.props
		LICENSE = LICENSE
		README.md = README.md
	EndProjectSection
EndProject
Global
	GlobalSection(SolutionConfigurationPlatforms) = preSolution
		Debug|Any CPU = Debug|Any CPU
		Release|Any CPU = Release|Any CPU
	EndGlobalSection
	GlobalSection(ProjectConfigurationPlatforms) = postSolution
		{FFEA3561-7FF6-487D-A04D-AFCC9C73CD8D}.Debug|Any CPU.ActiveCfg = Debug|Any CPU
		{FFEA3561-7FF6-487D-A04D-AFCC9C73CD8D}.Debug|Any CPU.Build.0 = Debug|Any CPU
		{FFEA3561-7FF6-487D-A04D-AFCC9C73CD8D}.Release|Any CPU.ActiveCfg = Release|Any CPU
		{FFEA3561-7FF6-487D-A04D-AFCC9C73CD8D}.Release|Any CPU.Build.0 = Release|Any CPU
		{F96ACA41-7D9F-487A-B030-09AA554E4973}.Debug|Any CPU.ActiveCfg = Debug|Any CPU
		{F96ACA41-7D9F-487A-B030-09AA554E4973}.Debug|Any CPU.Build.0 = Debug|Any CPU
		{F96ACA41-7D9F-487A-B030-09AA554E4973}.Release|Any CPU.ActiveCfg = Release|Any CPU
		{F96ACA41-7D9F-487A-B030-09AA554E4973}.Release|Any CPU.Build.0 = Release|Any CPU
	EndGlobalSection
	GlobalSection(SolutionProperties) = preSolution
		HideSolutionNode = FALSE
	EndGlobalSection
	GlobalSection(ExtensibilityGlobals) = postSolution
		SolutionGuid = {C40301D6-AAA8-4763-B182-0568B33D45BB}
	EndGlobalSection
EndGlobal
